{
  "name": "11--cookie",
  "version": "1.0.0",
  "lockfileVersion": 1,
  "requires": true,
  "dependencies": {
    "js-cookie": {
      "version": "2.2.1",
      "resolved": "https://registry.npm.taobao.org/js-cookie/download/js-cookie-2.2.1.tgz",
      "integrity": "sha1-aeEG3F1YBolFYpAqpbrsN0Tpsrg="
    }
  }
}
